// !$*UTF8*$!
{
	archiveVersion = 1;
	classes = {
	};
	objectVersion = 77;
	objects = {

/* Begin PBXBuildFile section */
		8DBA37902EE6BA76007FBEA5 /* AutoSyncManager.swift in Sources */ = {isa = PBXBuildFile; fileRef = 8DBA378D2EE6BA76007FBEA5 /* AutoSyncManager.swift */; };
		8DBA37912EE6BA76007FBEA5 /* CloudKitRepository.swift in Sources */ = {isa = PBXBuildFile; fileRef = 8DBA378E2EE6BA76007FBEA5 /* CloudKitRepository.swift */; };
		8DBA37922EE6BA76007FBEA5 /* CloudKitSyncManager.swift in Sources */ = {isa = PBXBuildFile; fileRef = 8DBA378F2EE6BA76007FBEA5 /* CloudKitSyncManager.swift */; };
		8DBA37942EE6BA8B007FBEA5 /* CloudSyncSettingsView.swift in Sources */ = {isa = PBXBuildFile; fileRef = 8DBA37932EE6BA8B007FBEA5 /* CloudSyncSettingsView.swift */; };
		8DBA37982EE85CC2007FBEA5 /* SubscriptionTier.swift in Sources */ = {isa = PBXBuildFile; fileRef = 8DBA37972EE85CC2007FBEA5 /* SubscriptionTier.swift */; };
		8DBA379C2EE85CED007FBEA5 /* PurchaseView.swift in Sources */ = {isa = PBXBuildFile; fileRef = 8DBA379A2EE85CED007FBEA5 /* PurchaseView.swift */; };
		8DBA379D2EE85CED007FBEA5 /* UpgradePromptView.swift in Sources */ = {isa = PBXBuildFile; fileRef = 8DBA379B2EE85CED007FBEA5 /* UpgradePromptView.swift */; };
		8DBA379E2EE85CED007FBEA5 /* DatabaseExportView.swift in Sources */ = {isa = PBXBuildFile; fileRef = 8DBA37992EE85CED007FBEA5 /* DatabaseExportView.swift */; };
		8DBA37AD2EE8605B007FBEA5 /* IAPManager.swift in Sources */ = {isa = PBXBuildFile; fileRef = 8DBA37AA2EE8605B007FBEA5 /* IAPManager.swift */; };
		8DBA37AE2EE8605B007FBEA5 /* SubscriptionManager.swift in Sources */ = {isa = PBXBuildFile; fileRef = 8DBA37AB2EE8605B007FBEA5 /* SubscriptionManager.swift */; };
		8DC61B4E2ED985360043BB28 /* AppError.swift in Sources */ = {isa = PBXBuildFile; fileRef = 8DC61B2F2ED985360043BB28 /* AppError.swift */; };
		8DC61B4F2ED985360043BB28 /* ErrorHandlingExampleView.swift in Sources */ = {isa = PBXBuildFile; fileRef = 8DC61B472ED985360043BB28 /* ErrorHandlingExampleView.swift */; };
		8DC61B502ED985360043BB28 /* Bill.swift in Sources */ = {isa = PBXBuildFile; fileRef = 8DC61B302ED985360043BB28 /* Bill.swift */; };
		8DC61B522ED985360043BB28 /* BillCategory.swift in Sources */ = {isa = PBXBuildFile; fileRef = 8DC61B312ED985360043BB28 /* BillCategory.swift */; };
		8DC61B532ED985360043BB28 /* StatisticsView.swift in Sources */ = {isa = PBXBuildFile; fileRef = 8DC61B4B2ED985360043BB28 /* StatisticsView.swift */; };
		8DC61B542ED985360043BB28 /* OwnerViewModel.swift in Sources */ = {isa = PBXBuildFile; fileRef = 8DC61B3C2ED985360043BB28 /* OwnerViewModel.swift */; };
		8DC61B552ED985360043BB28 /* ErrorAlertModifier.swift in Sources */ = {isa = PBXBuildFile; fileRef = 8DC61B462ED985360043BB28 /* ErrorAlertModifier.swift */; };
		8DC61B562ED985360043BB28 /* EmptyStateView.swift in Sources */ = {isa = PBXBuildFile; fileRef = 8DC61B442ED985360043BB28 /* EmptyStateView.swift */; };
		8DC61B572ED985360043BB28 /* PaymentMethodViewModel.swift in Sources */ = {isa = PBXBuildFile; fileRef = 8DC61B3D2ED985360043BB28 /* PaymentMethodViewModel.swift */; };
		8DC61B582ED985360043BB28 /* Owner.swift in Sources */ = {isa = PBXBuildFile; fileRef = 8DC61B322ED985360043BB28 /* Owner.swift */; };
		8DC61B592ED985360043BB28 /* CategoryManagementView.swift in Sources */ = {isa = PBXBuildFile; fileRef = 8DC61B422ED985360043BB28 /* CategoryManagementView.swift */; };
		8DC61B5A2ED985360043BB28 /* PaymentMethodListView.swift in Sources */ = {isa = PBXBuildFile; fileRef = 8DC61B4A2ED985360043BB28 /* PaymentMethodListView.swift */; };
		8DC61B5B2ED985360043BB28 /* DeleteConfirmationModifier.swift in Sources */ = {isa = PBXBuildFile; fileRef = 8DC61B432ED985360043BB28 /* DeleteConfirmationModifier.swift */; };
		8DC61B5C2ED985360043BB28 /* CategoryViewModel.swift in Sources */ = {isa = PBXBuildFile; fileRef = 8DC61B3A2ED985360043BB28 /* CategoryViewModel.swift */; };
		8DC61B5D2ED985360043BB28 /* OwnerManagementView.swift in Sources */ = {isa = PBXBuildFile; fileRef = 8DC61B492ED985360043BB28 /* OwnerManagementView.swift */; };
		8DC61B5E2ED985360043BB28 /* ToastView.swift in Sources */ = {isa = PBXBuildFile; fileRef = 8DC61B4C2ED985360043BB28 /* ToastView.swift */; };
		8DC61B5F2ED985360043BB28 /* LoadingView.swift in Sources */ = {isa = PBXBuildFile; fileRef = 8DC61B482ED985360043BB28 /* LoadingView.swift */; };
		8DC61B602ED985360043BB28 /* BillFormView.swift in Sources */ = {isa = PBXBuildFile; fileRef = 8DC61B402ED985360043BB28 /* BillFormView.swift */; };
		8DC61B612ED985360043BB28 /* AccountType.swift in Sources */ = {isa = PBXBuildFile; fileRef = 8DC61B2E2ED985360043BB28 /* AccountType.swift */; };
		8DC61B622ED985360043BB28 /* TransactionType.swift in Sources */ = {isa = PBXBuildFile; fileRef = 8DC61B342ED985360043BB28 /* TransactionType.swift */; };
		8DC61B632ED985360043BB28 /* PaymentMethod.swift in Sources */ = {isa = PBXBuildFile; fileRef = 8DC61B332ED985360043BB28 /* PaymentMethod.swift */; };
		8DC61B642ED985360043BB28 /* BillViewModel.swift in Sources */ = {isa = PBXBuildFile; fileRef = 8DC61B392ED985360043BB28 /* BillViewModel.swift */; };
		8DC61B652ED985360043BB28 /* BillListView.swift in Sources */ = {isa = PBXBuildFile; fileRef = 8DC61B412ED985360043BB28 /* BillListView.swift */; };
		8DC61B662ED985360043BB28 /* DataRepository.swift in Sources */ = {isa = PBXBuildFile; fileRef = 8DC61B362ED985360043BB28 /* DataRepository.swift */; };
		8DC61B672ED985360043BB28 /* UserDefaultsRepository.swift in Sources */ = {isa = PBXBuildFile; fileRef = 8DC61B372ED985360043BB28 /* UserDefaultsRepository.swift */; };
		8DC61B682ED985360043BB28 /* StatisticsViewModel.swift in Sources */ = {isa = PBXBuildFile; fileRef = 8DC61B3E2ED985360043BB28 /* StatisticsViewModel.swift */; };
		8DC61B692ED985360043BB28 /* ExportViewModel.swift in Sources */ = {isa = PBXBuildFile; fileRef = 8DC61B3B2ED985360043BB28 /* ExportViewModel.swift */; };
		8DC61B6A2ED985360043BB28 /* ERROR_HANDLING_GUIDE.md in Resources */ = {isa = PBXBuildFile; fileRef = 8DC61B452ED985360043BB28 /* ERROR_HANDLING_GUIDE.md */; };
		8DC61B702EDDE66C0043BB28 /* InitializationView.swift in Sources */ = {isa = PBXBuildFile; fileRef = 8DC61B6F2EDDE66C0043BB28 /* InitializationView.swift */; };
		8DC61B722EDDE67C0043BB28 /* InitializationViewModel.swift in Sources */ = {isa = PBXBuildFile; fileRef = 8DC61B712EDDE67C0043BB28 /* InitializationViewModel.swift */; };
		8DC61B742EE004CB0043BB28 /* ChartStatisticsView.swift in Sources */ = {isa = PBXBuildFile; fileRef = 8DC61B732EE004CB0043BB28 /* ChartStatisticsView.swift */; };
		8DC61B762EE004D90043BB28 /* PieChartView.swift in Sources */ = {isa = PBXBuildFile; fileRef = 8DC61B752EE004D90043BB28 /* PieChartView.swift */; };
		8DC61B792EE0231B0043BB28 /* DatabaseManager.swift in Sources */ = {isa = PBXBuildFile; fileRef = 8DC61B772EE0231B0043BB28 /* DatabaseManager.swift */; };
		8DC61B7A2EE0231B0043BB28 /* SQLiteRepository.swift in Sources */ = {isa = PBXBuildFile; fileRef = 8DC61B782EE0231B0043BB28 /* SQLiteRepository.swift */; };
		8DC61B7C2EE023330043BB28 /* DatabaseInfoView.swift in Sources */ = {isa = PBXBuildFile; fileRef = 8DC61B7B2EE023330043BB28 /* DatabaseInfoView.swift */; };
/* End PBXBuildFile section */

/* Begin PBXFileReference section */
		8DBA378D2EE6BA76007FBEA5 /* AutoSyncManager.swift */ = {isa = PBXFileReference; lastKnownFileType = sourcecode.swift; path = AutoSyncManager.swift; sourceTree = "<group>"; };
		8DBA378E2EE6BA76007FBEA5 /* CloudKitRepository.swift */ = {isa = PBXFileReference; lastKnownFileType = sourcecode.swift; path = CloudKitRepository.swift; sourceTree = "<group>"; };
		8DBA378F2EE6BA76007FBEA5 /* CloudKitSyncManager.swift */ = {isa = PBXFileReference; lastKnownFileType = sourcecode.swift; path = CloudKitSyncManager.swift; sourceTree = "<group>"; };
		8DBA37932EE6BA8B007FBEA5 /* CloudSyncSettingsView.swift */ = {isa = PBXFileReference; lastKnownFileType = sourcecode.swift; path = CloudSyncSettingsView.swift; sourceTree = "<group>"; };
		8DBA37972EE85CC2007FBEA5 /* SubscriptionTier.swift */ = {isa = PBXFileReference; lastKnownFileType = sourcecode.swift; path = SubscriptionTier.swift; sourceTree = "<group>"; };
		8DBA37992EE85CED007FBEA5 /* DatabaseExportView.swift */ = {isa = PBXFileReference; lastKnownFileType = sourcecode.swift; path = DatabaseExportView.swift; sourceTree = "<group>"; };
		8DBA379A2EE85CED007FBEA5 /* PurchaseView.swift */ = {isa = PBXFileReference; lastKnownFileType = sourcecode.swift; path = PurchaseView.swift; sourceTree = "<group>"; };
		8DBA379B2EE85CED007FBEA5 /* UpgradePromptView.swift */ = {isa = PBXFileReference; lastKnownFileType = sourcecode.swift; path = UpgradePromptView.swift; sourceTree = "<group>"; };
		8DBA379F2EE85DC6007FBEA5 /* Products.storekit */ = {isa = PBXFileReference; lastKnownFileType = text; path = Products.storekit; sourceTree = "<group>"; };
		8DBA37AA2EE8605B007FBEA5 /* IAPManager.swift */ = {isa = PBXFileReference; lastKnownFileType = sourcecode.swift; path = IAPManager.swift; sourceTree = "<group>"; };
		8DBA37AB2EE8605B007FBEA5 /* SubscriptionManager.swift */ = {isa = PBXFileReference; lastKnownFileType = sourcecode.swift; path = SubscriptionManager.swift; sourceTree = "<group>"; };
		8DC61B1F2ED984D20043BB28 /* ExpenseTracker.app */ = {isa = PBXFileReference; explicitFileType = wrapper.application; includeInIndex = 0; path = ExpenseTracker.app; sourceTree = BUILT_PRODUCTS_DIR; };
		8DC61B2E2ED985360043BB28 /* AccountType.swift */ = {isa = PBXFileReference; lastKnownFileType = sourcecode.swift; path = AccountType.swift; sourceTree = "<group>"; };
		8DC61B2F2ED985360043BB28 /* AppError.swift */ = {isa = PBXFileReference; lastKnownFileType = sourcecode.swift; path = AppError.swift; sourceTree = "<group>"; };
		8DC61B302ED985360043BB28 /* Bill.swift */ = {isa = PBXFileReference; lastKnownFileType = sourcecode.swift; path = Bill.swift; sourceTree = "<group>"; };
		8DC61B312ED985360043BB28 /* BillCategory.swift */ = {isa = PBXFileReference; lastKnownFileType = sourcecode.swift; path = BillCategory.swift; sourceTree = "<group>"; };
		8DC61B322ED985360043BB28 /* Owner.swift */ = {isa = PBXFileReference; lastKnownFileType = sourcecode.swift; path = Owner.swift; sourceTree = "<group>"; };
		8DC61B332ED985360043BB28 /* PaymentMethod.swift */ = {isa = PBXFileReference; lastKnownFileType = sourcecode.swift; path = PaymentMethod.swift; sourceTree = "<group>"; };
		8DC61B342ED985360043BB28 /* TransactionType.swift */ = {isa = PBXFileReference; lastKnownFileType = sourcecode.swift; path = TransactionType.swift; sourceTree = "<group>"; };
		8DC61B362ED985360043BB28 /* DataRepository.swift */ = {isa = PBXFileReference; lastKnownFileType = sourcecode.swift; path = DataRepository.swift; sourceTree = "<group>"; };
		8DC61B372ED985360043BB28 /* UserDefaultsRepository.swift */ = {isa = PBXFileReference; lastKnownFileType = sourcecode.swift; path = UserDefaultsRepository.swift; sourceTree = "<group>"; };
		8DC61B392ED985360043BB28 /* BillViewModel.swift */ = {isa = PBXFileReference; lastKnownFileType = sourcecode.swift; path = BillViewModel.swift; sourceTree = "<group>"; };
		8DC61B3A2ED985360043BB28 /* CategoryViewModel.swift */ = {isa = PBXFileReference; lastKnownFileType = sourcecode.swift; path = CategoryViewModel.swift; sourceTree = "<group>"; };
		8DC61B3B2ED985360043BB28 /* ExportViewModel.swift */ = {isa = PBXFileReference; lastKnownFileType = sourcecode.swift; path = ExportViewModel.swift; sourceTree = "<group>"; };
		8DC61B3C2ED985360043BB28 /* OwnerViewModel.swift */ = {isa = PBXFileReference; lastKnownFileType = sourcecode.swift; path = OwnerViewModel.swift; sourceTree = "<group>"; };
		8DC61B3D2ED985360043BB28 /* PaymentMethodViewModel.swift */ = {isa = PBXFileReference; lastKnownFileType = sourcecode.swift; path = PaymentMethodViewModel.swift; sourceTree = "<group>"; };
		8DC61B3E2ED985360043BB28 /* StatisticsViewModel.swift */ = {isa = PBXFileReference; lastKnownFileType = sourcecode.swift; path = StatisticsViewModel.swift; sourceTree = "<group>"; };
		8DC61B402ED985360043BB28 /* BillFormView.swift */ = {isa = PBXFileReference; lastKnownFileType = sourcecode.swift; path = BillFormView.swift; sourceTree = "<group>"; };
		8DC61B412ED985360043BB28 /* BillListView.swift */ = {isa = PBXFileReference; lastKnownFileType = sourcecode.swift; path = BillListView.swift; sourceTree = "<group>"; };
		8DC61B422ED985360043BB28 /* CategoryManagementView.swift */ = {isa = PBXFileReference; lastKnownFileType = sourcecode.swift; path = CategoryManagementView.swift; sourceTree = "<group>"; };
		8DC61B432ED985360043BB28 /* DeleteConfirmationModifier.swift */ = {isa = PBXFileReference; lastKnownFileType = sourcecode.swift; path = DeleteConfirmationModifier.swift; sourceTree = "<group>"; };
		8DC61B442ED985360043BB28 /* EmptyStateView.swift */ = {isa = PBXFileReference; lastKnownFileType = sourcecode.swift; path = EmptyStateView.swift; sourceTree = "<group>"; };
		8DC61B452ED985360043BB28 /* ERROR_HANDLING_GUIDE.md */ = {isa = PBXFileReference; lastKnownFileType = net.daringfireball.markdown; path = ERROR_HANDLING_GUIDE.md; sourceTree = "<group>"; };
		8DC61B462ED985360043BB28 /* ErrorAlertModifier.swift */ = {isa = PBXFileReference; lastKnownFileType = sourcecode.swift; path = ErrorAlertModifier.swift; sourceTree = "<group>"; };
		8DC61B472ED985360043BB28 /* ErrorHandlingExampleView.swift */ = {isa = PBXFileReference; lastKnownFileType = sourcecode.swift; path = ErrorHandlingExampleView.swift; sourceTree = "<group>"; };
		8DC61B482ED985360043BB28 /* LoadingView.swift */ = {isa = PBXFileReference; lastKnownFileType = sourcecode.swift; path = LoadingView.swift; sourceTree = "<group>"; };
		8DC61B492ED985360043BB28 /* OwnerManagementView.swift */ = {isa = PBXFileReference; lastKnownFileType = sourcecode.swift; path = OwnerManagementView.swift; sourceTree = "<group>"; };
		8DC61B4A2ED985360043BB28 /* PaymentMethodListView.swift */ = {isa = PBXFileReference; lastKnownFileType = sourcecode.swift; path = PaymentMethodListView.swift; sourceTree = "<group>"; };
		8DC61B4B2ED985360043BB28 /* StatisticsView.swift */ = {isa = PBXFileReference; lastKnownFileType = sourcecode.swift; path = StatisticsView.swift; sourceTree = "<group>"; };
		8DC61B4C2ED985360043BB28 /* ToastView.swift */ = {isa = PBXFileReference; lastKnownFileType = sourcecode.swift; path = ToastView.swift; sourceTree = "<group>"; };
		8DC61B6F2EDDE66C0043BB28 /* InitializationView.swift */ = {isa = PBXFileReference; lastKnownFileType = sourcecode.swift; path = InitializationView.swift; sourceTree = "<group>"; };
		8DC61B712EDDE67C0043BB28 /* InitializationViewModel.swift */ = {isa = PBXFileReference; lastKnownFileType = sourcecode.swift; path = InitializationViewModel.swift; sourceTree = "<group>"; };
		8DC61B732EE004CB0043BB28 /* ChartStatisticsView.swift */ = {isa = PBXFileReference; lastKnownFileType = sourcecode.swift; path = ChartStatisticsView.swift; sourceTree = "<group>"; };
		8DC61B752EE004D90043BB28 /* PieChartView.swift */ = {isa = PBXFileReference; lastKnownFileType = sourcecode.swift; path = PieChartView.swift; sourceTree = "<group>"; };
		8DC61B772EE0231B0043BB28 /* DatabaseManager.swift */ = {isa = PBXFileReference; lastKnownFileType = sourcecode.swift; path = DatabaseManager.swift; sourceTree = "<group>"; };
		8DC61B782EE0231B0043BB28 /* SQLiteRepository.swift */ = {isa = PBXFileReference; lastKnownFileType = sourcecode.swift; path = SQLiteRepository.swift; sourceTree = "<group>"; };
		8DC61B7B2EE023330043BB28 /* DatabaseInfoView.swift */ = {isa = PBXFileReference; lastKnownFileType = sourcecode.swift; path = DatabaseInfoView.swift; sourceTree = "<group>"; };
		8DC61B832EE661450043BB28 /* Untitled.swift */ = {isa = PBXFileReference; lastKnownFileType = sourcecode.swift; path = Untitled.swift; sourceTree = "<group>"; };
/* End PBXFileReference section */

/* Begin PBXFileSystemSynchronizedRootGroup section */
		8DC61B212ED984D20043BB28 /* ExpenseTracker */ = {
			isa = PBXFileSystemSynchronizedRootGroup;
			path = ExpenseTracker;
			sourceTree = "<group>";
		};
/* End PBXFileSystemSynchronizedRootGroup section */

/* Begin PBXFrameworksBuildPhase section */
		8DC61B1C2ED984D20043BB28 /* Frameworks */ = {
			isa = PBXFrameworksBuildPhase;
			buildActionMask = 2147483647;
			files = (
			);
			runOnlyForDeploymentPostprocessing = 0;
		};
/* End PBXFrameworksBuildPhase section */

/* Begin PBXGroup section */
		8DBA37AC2EE8605B007FBEA5 /* Services */ = {
			isa = PBXGroup;
			children = (
				8DBA37AA2EE8605B007FBEA5 /* IAPManager.swift */,
				8DBA37AB2EE8605B007FBEA5 /* SubscriptionManager.swift */,
			);
			path = Services;
			sourceTree = "<group>";
		};
		8DC61B162ED984D20043BB28 = {
			isa = PBXGroup;
			children = (
				8DBA379F2EE85DC6007FBEA5 /* Products.storekit */,
				8DC61B352ED985360043BB28 /* Models */,
				8DC61B382ED985360043BB28 /* Repository */,
				8DC61B3F2ED985360043BB28 /* ViewModels */,
				8DC61B4D2ED985360043BB28 /* Views */,
				8DC61B212ED984D20043BB28 /* ExpenseTracker */,
				8DC61B202ED984D20043BB28 /* Products */,
				8DBA37AC2EE8605B007FBEA5 /* Services */,
			);
			sourceTree = "<group>";
		};
		8DC61B202ED984D20043BB28 /* Products */ = {
			isa = PBXGroup;
			children = (
				8DC61B1F2ED984D20043BB28 /* ExpenseTracker.app */,
			);
			name = Products;
			sourceTree = "<group>";
		};
		8DC61B352ED985360043BB28 /* Models */ = {
			isa = PBXGroup;
			children = (
				8DBA37972EE85CC2007FBEA5 /* SubscriptionTier.swift */,
				8DC61B2E2ED985360043BB28 /* AccountType.swift */,
				8DC61B2F2ED985360043BB28 /* AppError.swift */,
				8DC61B302ED985360043BB28 /* Bill.swift */,
				8DC61B312ED985360043BB28 /* BillCategory.swift */,
				8DC61B322ED985360043BB28 /* Owner.swift */,
				8DC61B332ED985360043BB28 /* PaymentMethod.swift */,
				8DC61B342ED985360043BB28 /* TransactionType.swift */,
			);
			path = Models;
			sourceTree = "<group>";
		};
		8DC61B382ED985360043BB28 /* Repository */ = {
			isa = PBXGroup;
			children = (
				8DBA378D2EE6BA76007FBEA5 /* AutoSyncManager.swift */,
				8DBA378E2EE6BA76007FBEA5 /* CloudKitRepository.swift */,
				8DBA378F2EE6BA76007FBEA5 /* CloudKitSyncManager.swift */,
				8DC61B832EE661450043BB28 /* Untitled.swift */,
				8DC61B772EE0231B0043BB28 /* DatabaseManager.swift */,
				8DC61B782EE0231B0043BB28 /* SQLiteRepository.swift */,
				8DC61B362ED985360043BB28 /* DataRepository.swift */,
				8DC61B372ED985360043BB28 /* UserDefaultsRepository.swift */,
			);
			path = Repository;
			sourceTree = "<group>";
		};
		8DC61B3F2ED985360043BB28 /* ViewModels */ = {
			isa = PBXGroup;
			children = (
				8DC61B712EDDE67C0043BB28 /* InitializationViewModel.swift */,
				8DC61B392ED985360043BB28 /* BillViewModel.swift */,
				8DC61B3A2ED985360043BB28 /* CategoryViewModel.swift */,
				8DC61B3B2ED985360043BB28 /* ExportViewModel.swift */,
				8DC61B3C2ED985360043BB28 /* OwnerViewModel.swift */,
				8DC61B3D2ED985360043BB28 /* PaymentMethodViewModel.swift */,
				8DC61B3E2ED985360043BB28 /* StatisticsViewModel.swift */,
			);
			path = ViewModels;
			sourceTree = "<group>";
		};
		8DC61B4D2ED985360043BB28 /* Views */ = {
			isa = PBXGroup;
			children = (
				8DBA37992EE85CED007FBEA5 /* DatabaseExportView.swift */,
				8DBA379A2EE85CED007FBEA5 /* PurchaseView.swift */,
				8DBA379B2EE85CED007FBEA5 /* UpgradePromptView.swift */,
				8DBA37932EE6BA8B007FBEA5 /* CloudSyncSettingsView.swift */,
				8DC61B7B2EE023330043BB28 /* DatabaseInfoView.swift */,
				8DC61B752EE004D90043BB28 /* PieChartView.swift */,
				8DC61B732EE004CB0043BB28 /* ChartStatisticsView.swift */,
				8DC61B6F2EDDE66C0043BB28 /* InitializationView.swift */,
				8DC61B402ED985360043BB28 /* BillFormView.swift */,
				8DC61B412ED985360043BB28 /* BillListView.swift */,
				8DC61B422ED985360043BB28 /* CategoryManagementView.swift */,
				8DC61B432ED985360043BB28 /* DeleteConfirmationModifier.swift */,
				8DC61B442ED985360043BB28 /* EmptyStateView.swift */,
				8DC61B452ED985360043BB28 /* ERROR_HANDLING_GUIDE.md */,
				8DC61B462ED985360043BB28 /* ErrorAlertModifier.swift */,
				8DC61B472ED985360043BB28 /* ErrorHandlingExampleView.swift */,
				8DC61B482ED985360043BB28 /* LoadingView.swift */,
				8DC61B492ED985360043BB28 /* OwnerManagementView.swift */,
				8DC61B4A2ED985360043BB28 /* PaymentMethodListView.swift */,
				8DC61B4B2ED985360043BB28 /* StatisticsView.swift */,
				8DC61B4C2ED985360043BB28 /* ToastView.swift */,
			);
			path = Views;
			sourceTree = "<group>";
		};
/* End PBXGroup section */

/* Begin PBXNativeTarget section */
		8DC61B1E2ED984D20043BB28 /* ExpenseTracker */ = {
			isa = PBXNativeTarget;
			buildConfigurationList = 8DC61B2A2ED984D30043BB28 /* Build configuration list for PBXNativeTarget "ExpenseTracker" */;
			buildPhases = (
				8DC61B1B2ED984D20043BB28 /* Sources */,
				8DC61B1C2ED984D20043BB28 /* Frameworks */,
				8DC61B1D2ED984D20043BB28 /* Resources */,
			);
			buildRules = (
			);
			dependencies = (
			);
			fileSystemSynchronizedGroups = (
				8DC61B212ED984D20043BB28 /* ExpenseTracker */,
			);
			name = ExpenseTracker;
			packageProductDependencies = (
			);
			productName = ExpenseTracker;
			productReference = 8DC61B1F2ED984D20043BB28 /* ExpenseTracker.app */;
			productType = "com.apple.product-type.application";
		};
/* End PBXNativeTarget section */

/* Begin PBXProject section */
		8DC61B172ED984D20043BB28 /* Project object */ = {
			isa = PBXProject;
			attributes = {
				BuildIndependentTargetsInParallel = 1;
				LastSwiftUpdateCheck = 2610;
				LastUpgradeCheck = 2610;
				TargetAttributes = {
					8DC61B1E2ED984D20043BB28 = {
						CreatedOnToolsVersion = 26.1.1;
					};
				};
			};
			buildConfigurationList = 8DC61B1A2ED984D20043BB28 /* Build configuration list for PBXProject "ExpenseTracker" */;
			developmentRegion = en;
			hasScannedForEncodings = 0;
			knownRegions = (
				en,
				Base,
			);
			mainGroup = 8DC61B162ED984D20043BB28;
			minimizedProjectReferenceProxies = 1;
			preferredProjectObjectVersion = 77;
			productRefGroup = 8DC61B202ED984D20043BB28 /* Products */;
			projectDirPath = "";
			projectRoot = "";
			targets = (
				8DC61B1E2ED984D20043BB28 /* ExpenseTracker */,
			);
		};
/* End PBXProject section */

/* Begin PBXResourcesBuildPhase section */
		8DC61B1D2ED984D20043BB28 /* Resources */ = {
			isa = PBXResourcesBuildPhase;
			buildActionMask = 2147483647;
			files = (
				8DC61B6A2ED985360043BB28 /* ERROR_HANDLING_GUIDE.md in Resources */,
			);
			runOnlyForDeploymentPostprocessing = 0;
		};
/* End PBXResourcesBuildPhase section */

/* Begin PBXSourcesBuildPhase section */
		8DC61B1B2ED984D20043BB28 /* Sources */ = {
			isa = PBXSourcesBuildPhase;
			buildActionMask = 2147483647;
			files = (
				8DC61B4E2ED985360043BB28 /* AppError.swift in Sources */,
				8DC61B4F2ED985360043BB28 /* ErrorHandlingExampleView.swift in Sources */,
				8DC61B502ED985360043BB28 /* Bill.swift in Sources */,
				8DC61B522ED985360043BB28 /* BillCategory.swift in Sources */,
				8DC61B532ED985360043BB28 /* StatisticsView.swift in Sources */,
				8DC61B542ED985360043BB28 /* OwnerViewModel.swift in Sources */,
				8DC61B552ED985360043BB28 /* ErrorAlertModifier.swift in Sources */,
				8DBA37AD2EE8605B007FBEA5 /* IAPManager.swift in Sources */,
				8DBA37AE2EE8605B007FBEA5 /* SubscriptionManager.swift in Sources */,
				8DC61B562ED985360043BB28 /* EmptyStateView.swift in Sources */,
				8DC61B572ED985360043BB28 /* PaymentMethodViewModel.swift in Sources */,
				8DC61B742EE004CB0043BB28 /* ChartStatisticsView.swift in Sources */,
				8DC61B582ED985360043BB28 /* Owner.swift in Sources */,
				8DC61B592ED985360043BB28 /* CategoryManagementView.swift in Sources */,
				8DC61B5A2ED985360043BB28 /* PaymentMethodListView.swift in Sources */,
				8DC61B5B2ED985360043BB28 /* DeleteConfirmationModifier.swift in Sources */,
				8DC61B5C2ED985360043BB28 /* CategoryViewModel.swift in Sources */,
				8DC61B5D2ED985360043BB28 /* OwnerManagementView.swift in Sources */,
				8DC61B5E2ED985360043BB28 /* ToastView.swift in Sources */,
				8DC61B5F2ED985360043BB28 /* LoadingView.swift in Sources */,
				8DC61B602ED985360043BB28 /* BillFormView.swift in Sources */,
				8DC61B792EE0231B0043BB28 /* DatabaseManager.swift in Sources */,
				8DC61B7A2EE0231B0043BB28 /* SQLiteRepository.swift in Sources */,
				8DC61B7C2EE023330043BB28 /* DatabaseInfoView.swift in Sources */,
				8DC61B722EDDE67C0043BB28 /* InitializationViewModel.swift in Sources */,
				8DC61B612ED985360043BB28 /* AccountType.swift in Sources */,
				8DC61B622ED985360043BB28 /* TransactionType.swift in Sources */,
				8DC61B702EDDE66C0043BB28 /* InitializationView.swift in Sources */,
				8DC61B762EE004D90043BB28 /* PieChartView.swift in Sources */,
				8DC61B632ED985360043BB28 /* PaymentMethod.swift in Sources */,
				8DBA379C2EE85CED007FBEA5 /* PurchaseView.swift in Sources */,
				8DBA379D2EE85CED007FBEA5 /* UpgradePromptView.swift in Sources */,
				8DBA379E2EE85CED007FBEA5 /* DatabaseExportView.swift in Sources */,
				8DC61B642ED985360043BB28 /* BillViewModel.swift in Sources */,
				8DC61B652ED985360043BB28 /* BillListView.swift in Sources */,
				8DC61B662ED985360043BB28 /* DataRepository.swift in Sources */,
				8DC61B672ED985360043BB28 /* UserDefaultsRepository.swift in Sources */,
				8DBA37942EE6BA8B007FBEA5 /* CloudSyncSettingsView.swift in Sources */,
				8DBA37982EE85CC2007FBEA5 /* SubscriptionTier.swift in Sources */,
				8DC61B682ED985360043BB28 /* StatisticsViewModel.swift in Sources */,
				8DBA37902EE6BA76007FBEA5 /* AutoSyncManager.swift in Sources */,
				8DBA37912EE6BA76007FBEA5 /* CloudKitRepository.swift in Sources */,
				8DBA37922EE6BA76007FBEA5 /* CloudKitSyncManager.swift in Sources */,
				8DC61B692ED985360043BB28 /* ExportViewModel.swift in Sources */,
			);
			runOnlyForDeploymentPostprocessing = 0;
		};
/* End PBXSourcesBuildPhase section */

/* Begin XCBuildConfiguration section */
		8DC61B282ED984D30043BB28 /* Debug */ = {
			isa = XCBuildConfiguration;
			buildSettings = {
				ALWAYS_SEARCH_USER_PATHS = NO;
				ASSETCATALOG_COMPILER_GENERATE_SWIFT_ASSET_SYMBOL_EXTENSIONS = YES;
				CLANG_ANALYZER_NONNULL = YES;
				CLANG_ANALYZER_NUMBER_OBJECT_CONVERSION = YES_AGGRESSIVE;
				CLANG_CXX_LANGUAGE_STANDARD = "gnu++20";
				CLANG_ENABLE_MODULES = YES;
				CLANG_ENABLE_OBJC_ARC = YES;
				CLANG_ENABLE_OBJC_WEAK = YES;
				CLANG_WARN_BLOCK_CAPTURE_AUTORELEASING = YES;
				CLANG_WARN_BOOL_CONVERSION = YES;
				CLANG_WARN_COMMA = YES;
				CLANG_WARN_CONSTANT_CONVERSION = YES;
				CLANG_WARN_DEPRECATED_OBJC_IMPLEMENTATIONS = YES;
				CLANG_WARN_DIRECT_OBJC_ISA_USAGE = YES_ERROR;
				CLANG_WARN_DOCUMENTATION_COMMENTS = YES;
				CLANG_WARN_EMPTY_BODY = YES;
				CLANG_WARN_ENUM_CONVERSION = YES;
				CLANG_WARN_INFINITE_RECURSION = YES;
				CLANG_WARN_INT_CONVERSION = YES;
				CLANG_WARN_NON_LITERAL_NULL_CONVERSION = YES;
				CLANG_WARN_OBJC_IMPLICIT_RETAIN_SELF = YES;
				CLANG_WARN_OBJC_LITERAL_CONVERSION = YES;
				CLANG_WARN_OBJC_ROOT_CLASS = YES_ERROR;
				CLANG_WARN_QUOTED_INCLUDE_IN_FRAMEWORK_HEADER = YES;
				CLANG_WARN_RANGE_LOOP_ANALYSIS = YES;
				CLANG_WARN_STRICT_PROTOTYPES = YES;
				CLANG_WARN_SUSPICIOUS_MOVE = YES;
				CLANG_WARN_UNGUARDED_AVAILABILITY = YES_AGGRESSIVE;
				CLANG_WARN_UNREACHABLE_CODE = YES;
				CLANG_WARN__DUPLICATE_METHOD_MATCH = YES;
				COPY_PHASE_STRIP = NO;
				DEBUG_INFORMATION_FORMAT = dwarf;
				ENABLE_STRICT_OBJC_MSGSEND = YES;
				ENABLE_TESTABILITY = YES;
				ENABLE_USER_SCRIPT_SANDBOXING = YES;
				GCC_C_LANGUAGE_STANDARD = gnu17;
				GCC_DYNAMIC_NO_PIC = NO;
				GCC_NO_COMMON_BLOCKS = YES;
				GCC_OPTIMIZATION_LEVEL = 0;
				GCC_PREPROCESSOR_DEFINITIONS = (
					"DEBUG=1",
					"$(inherited)",
				);
				GCC_WARN_64_TO_32_BIT_CONVERSION = YES;
				GCC_WARN_ABOUT_RETURN_TYPE = YES_ERROR;
				GCC_WARN_UNDECLARED_SELECTOR = YES;
				GCC_WARN_UNINITIALIZED_AUTOS = YES_AGGRESSIVE;
				GCC_WARN_UNUSED_FUNCTION = YES;
				GCC_WARN_UNUSED_VARIABLE = YES;
				IPHONEOS_DEPLOYMENT_TARGET = 26.1;
				LOCALIZATION_PREFERS_STRING_CATALOGS = YES;
				MTL_ENABLE_DEBUG_INFO = INCLUDE_SOURCE;
				MTL_FAST_MATH = YES;
				ONLY_ACTIVE_ARCH = YES;
				SDKROOT = iphoneos;
				SWIFT_ACTIVE_COMPILATION_CONDITIONS = "DEBUG $(inherited)";
				SWIFT_OPTIMIZATION_LEVEL = "-Onone";
			};
			name = Debug;
		};
		8DC61B292ED984D30043BB28 /* Release */ = {
			isa = XCBuildConfiguration;
			buildSettings = {
				ALWAYS_SEARCH_USER_PATHS = NO;
				ASSETCATALOG_COMPILER_GENERATE_SWIFT_ASSET_SYMBOL_EXTENSIONS = YES;
				CLANG_ANALYZER_NONNULL = YES;
				CLANG_ANALYZER_NUMBER_OBJECT_CONVERSION = YES_AGGRESSIVE;
				CLANG_CXX_LANGUAGE_STANDARD = "gnu++20";
				CLANG_ENABLE_MODULES = YES;
				CLANG_ENABLE_OBJC_ARC = YES;
				CLANG_ENABLE_OBJC_WEAK = YES;
				CLANG_WARN_BLOCK_CAPTURE_AUTORELEASING = YES;
				CLANG_WARN_BOOL_CONVERSION = YES;
				CLANG_WARN_COMMA = YES;
				CLANG_WARN_CONSTANT_CONVERSION = YES;
				CLANG_WARN_DEPRECATED_OBJC_IMPLEMENTATIONS = YES;
				CLANG_WARN_DIRECT_OBJC_ISA_USAGE = YES_ERROR;
				CLANG_WARN_DOCUMENTATION_COMMENTS = YES;
				CLANG_WARN_EMPTY_BODY = YES;
				CLANG_WARN_ENUM_CONVERSION = YES;
				CLANG_WARN_INFINITE_RECURSION = YES;
				CLANG_WARN_INT_CONVERSION = YES;
				CLANG_WARN_NON_LITERAL_NULL_CONVERSION = YES;
				CLANG_WARN_OBJC_IMPLICIT_RETAIN_SELF = YES;
				CLANG_WARN_OBJC_LITERAL_CONVERSION = YES;
				CLANG_WARN_OBJC_ROOT_CLASS = YES_ERROR;
				CLANG_WARN_QUOTED_INCLUDE_IN_FRAMEWORK_HEADER = YES;
				CLANG_WARN_RANGE_LOOP_ANALYSIS = YES;
				CLANG_WARN_STRICT_PROTOTYPES = YES;
				CLANG_WARN_SUSPICIOUS_MOVE = YES;
				CLANG_WARN_UNGUARDED_AVAILABILITY = YES_AGGRESSIVE;
				CLANG_WARN_UNREACHABLE_CODE = YES;
				CLANG_WARN__DUPLICATE_METHOD_MATCH = YES;
				COPY_PHASE_STRIP = NO;
				DEBUG_INFORMATION_FORMAT = "dwarf-with-dsym";
				ENABLE_NS_ASSERTIONS = NO;
				ENABLE_STRICT_OBJC_MSGSEND = YES;
				ENABLE_USER_SCRIPT_SANDBOXING = YES;
				GCC_C_LANGUAGE_STANDARD = gnu17;
				GCC_NO_COMMON_BLOCKS = YES;
				GCC_WARN_64_TO_32_BIT_CONVERSION = YES;
				GCC_WARN_ABOUT_RETURN_TYPE = YES_ERROR;
				GCC_WARN_UNDECLARED_SELECTOR = YES;
				GCC_WARN_UNINITIALIZED_AUTOS = YES_AGGRESSIVE;
				GCC_WARN_UNUSED_FUNCTION = YES;
				GCC_WARN_UNUSED_VARIABLE = YES;
				IPHONEOS_DEPLOYMENT_TARGET = 26.1;
				LOCALIZATION_PREFERS_STRING_CATALOGS = YES;
				MTL_ENABLE_DEBUG_INFO = NO;
				MTL_FAST_MATH = YES;
				SDKROOT = iphoneos;
				SWIFT_COMPILATION_MODE = wholemodule;
				VALIDATE_PRODUCT = YES;
			};
			name = Release;
		};
		8DC61B2B2ED984D30043BB28 /* Debug */ = {
			isa = XCBuildConfiguration;
			buildSettings = {
				ASSETCATALOG_COMPILER_APPICON_NAME = AppIcon;
				ASSETCATALOG_COMPILER_GLOBAL_ACCENT_COLOR_NAME = AccentColor;
				CODE_SIGN_ENTITLEMENTS = ExpenseTracker/ExpenseTracker.entitlements;
				CODE_SIGN_STYLE = Automatic;
				CURRENT_PROJECT_VERSION = 1;
				DEVELOPMENT_TEAM = NB3GZ7X842;
				ENABLE_PREVIEWS = YES;
				GENERATE_INFOPLIST_FILE = YES;
				INFOPLIST_KEY_CFBundleDisplayName = "标签记账";
				INFOPLIST_KEY_LSApplicationCategoryType = "public.app-category.lifestyle";
				INFOPLIST_KEY_UIApplicationSceneManifest_Generation = YES;
				INFOPLIST_KEY_UIApplicationSupportsIndirectInputEvents = YES;
				INFOPLIST_KEY_UILaunchScreen_Generation = YES;
				INFOPLIST_KEY_UISupportedInterfaceOrientations_iPad = "UIInterfaceOrientationPortrait UIInterfaceOrientationPortraitUpsideDown UIInterfaceOrientationLandscapeLeft UIInterfaceOrientationLandscapeRight";
				INFOPLIST_KEY_UISupportedInterfaceOrientations_iPhone = "UIInterfaceOrientationPortrait UIInterfaceOrientationLandscapeLeft UIInterfaceOrientationLandscapeRight";
				IPHONEOS_DEPLOYMENT_TARGET = 18.6;
				LD_RUNPATH_SEARCH_PATHS = (
					"$(inherited)",
					"@executable_path/Frameworks",
				);
				MARKETING_VERSION = 1.0;
				PRODUCT_BUNDLE_IDENTIFIER = com.bgt.TagBill;
				PRODUCT_NAME = "$(TARGET_NAME)";
				STRING_CATALOG_GENERATE_SYMBOLS = YES;
				SWIFT_APPROACHABLE_CONCURRENCY = YES;
				SWIFT_DEFAULT_ACTOR_ISOLATION = MainActor;
				SWIFT_EMIT_LOC_STRINGS = YES;
				SWIFT_UPCOMING_FEATURE_MEMBER_IMPORT_VISIBILITY = YES;
				SWIFT_VERSION = 5.0;
				TARGETED_DEVICE_FAMILY = "1,2";
			};
			name = Debug;
		};
		8DC61B2C2ED984D30043BB28 /* Release */ = {
			isa = XCBuildConfiguration;
			buildSettings = {
				ASSETCATALOG_COMPILER_APPICON_NAME = AppIcon;
				ASSETCATALOG_COMPILER_GLOBAL_ACCENT_COLOR_NAME = AccentColor;
				CODE_SIGN_ENTITLEMENTS = ExpenseTracker/ExpenseTracker.entitlements;
				CODE_SIGN_STYLE = Automatic;
				CURRENT_PROJECT_VERSION = 1;
				DEVELOPMENT_TEAM = NB3GZ7X842;
				ENABLE_PREVIEWS = YES;
				GENERATE_INFOPLIST_FILE = YES;
				INFOPLIST_KEY_CFBundleDisplayName = "标签记账";
				INFOPLIST_KEY_LSApplicationCategoryType = "public.app-category.lifestyle";
				INFOPLIST_KEY_UIApplicationSceneManifest_Generation = YES;
				INFOPLIST_KEY_UIApplicationSupportsIndirectInputEvents = YES;
				INFOPLIST_KEY_UILaunchScreen_Generation = YES;
				INFOPLIST_KEY_UISupportedInterfaceOrientations_iPad = "UIInterfaceOrientationPortrait UIInterfaceOrientationPortraitUpsideDown UIInterfaceOrientationLandscapeLeft UIInterfaceOrientationLandscapeRight";
				INFOPLIST_KEY_UISupportedInterfaceOrientations_iPhone = "UIInterfaceOrientationPortrait UIInterfaceOrientationLandscapeLeft UIInterfaceOrientationLandscapeRight";
				IPHONEOS_DEPLOYMENT_TARGET = 18.6;
				LD_RUNPATH_SEARCH_PATHS = (
					"$(inherited)",
					"@executable_path/Frameworks",
				);
				MARKETING_VERSION = 1.0;
				PRODUCT_BUNDLE_IDENTIFIER = com.bgt.TagBill;
				PRODUCT_NAME = "$(TARGET_NAME)";
				STRING_CATALOG_GENERATE_SYMBOLS = YES;
				SWIFT_APPROACHABLE_CONCURRENCY = YES;
				SWIFT_DEFAULT_ACTOR_ISOLATION = MainActor;
				SWIFT_EMIT_LOC_STRINGS = YES;
				SWIFT_UPCOMING_FEATURE_MEMBER_IMPORT_VISIBILITY = YES;
				SWIFT_VERSION = 5.0;
				TARGETED_DEVICE_FAMILY = "1,2";
			};
			name = Release;
		};
/* End XCBuildConfiguration section */

/* Begin XCConfigurationList section */
		8DC61B1A2ED984D20043BB28 /* Build configuration list for PBXProject "ExpenseTracker" */ = {
			isa = XCConfigurationList;
			buildConfigurations = (
				8DC61B282ED984D30043BB28 /* Debug */,
				8DC61B292ED984D30043BB28 /* Release */,
			);
			defaultConfigurationIsVisible = 0;
			defaultConfigurationName = Release;
		};
		8DC61B2A2ED984D30043BB28 /* Build configuration list for PBXNativeTarget "ExpenseTracker" */ = {
			isa = XCConfigurationList;
			buildConfigurations = (
				8DC61B2B2ED984D30043BB28 /* Debug */,
				8DC61B2C2ED984D30043BB28 /* Release */,
			);
			defaultConfigurationIsVisible = 0;
			defaultConfigurationName = Release;
		};
/* End XCConfigurationList section */
	};
	rootObject = 8DC61B172ED984D20043BB28 /* Project object */;
}
